{
  "lockfileVersion": "1",
  "dependencies": {
    "github.com/pstaszko/AHK-Notification": "branch:master"
  },
  "resolved": [
    {
      "name": "github.com/pstaszko/AHK-Notification",
      "version": "branch:master",
      "sha": "15ac21944a781a0d87bf4178ad48dbe1bb8d08ea",
      "installPath": "ahkpm-modules/github.com/pstaszko/AHK-Notification",
      "dependencies": {}
    }
  ]
}