{
  "lockfileVersion": "1",
  "dependencies": {
    "github.com/pstaszko/AHK-Notification": "branch:master"
  },
  "resolved": [
    {
      "name": "github.com/pstaszko/AHK-Notification",
      "version": "branch:master",
      "sha": "97194375550af007daca402dd075db31cfffd6d0",
      "installPath": "ahkpm-modules/github.com/pstaszko/AHK-Notification",
      "dependencies": {}
    }
  ]
}