
Microsoft Visual Studio Solution File, Format Version 12.00
# Visual Studio Version 17
VisualStudioVersion = 17.10.35027.167
MinimumVisualStudioVersion = 10.0.40219.1
Project("{6EC3EE1D-3C4E-46DD-8F32-0CC8E7565705}") = "AHK-Notification-FSharp", "AHK-Notification-FSharp.fsproj", "{AB8CFA7E-A9D9-41B6-82EE-3422C2E0BE4C}"
EndProject
Project("{6EC3EE1D-3C4E-46DD-8F32-0CC8E7565705}") = "Example", "..\Example\Example.fsproj", "{786E3B0A-F871-4958-B7DB-B8940F66202C}"
EndProject
Global
	GlobalSection(SolutionConfigurationPlatforms) = preSolution
		Debug|Any CPU = Debug|Any CPU
		Release|Any CPU = Release|Any CPU
	EndGlobalSection
	GlobalSection(ProjectConfigurationPlatforms) = postSolution
		{AB8CFA7E-A9D9-41B6-82EE-3422C2E0BE4C}.Debug|Any CPU.ActiveCfg = Debug|Any CPU
		{AB8CFA7E-A9D9-41B6-82EE-3422C2E0BE4C}.Debug|Any CPU.Build.0 = Debug|Any CPU
		{AB8CFA7E-A9D9-41B6-82EE-3422C2E0BE4C}.Release|Any CPU.ActiveCfg = Release|Any CPU
		{AB8CFA7E-A9D9-41B6-82EE-3422C2E0BE4C}.Release|Any CPU.Build.0 = Release|Any CPU
		{786E3B0A-F871-4958-B7DB-B8940F66202C}.Debug|Any CPU.ActiveCfg = Debug|Any CPU
		{786E3B0A-F871-4958-B7DB-B8940F66202C}.Debug|Any CPU.Build.0 = Debug|Any CPU
		{786E3B0A-F871-4958-B7DB-B8940F66202C}.Release|Any CPU.ActiveCfg = Release|Any CPU
		{786E3B0A-F871-4958-B7DB-B8940F66202C}.Release|Any CPU.Build.0 = Release|Any CPU
	EndGlobalSection
	GlobalSection(SolutionProperties) = preSolution
		HideSolutionNode = FALSE
	EndGlobalSection
	GlobalSection(ExtensibilityGlobals) = postSolution
		SolutionGuid = {1C46F119-57DF-4F01-BDFD-38AB82F1050A}
	EndGlobalSection
EndGlobal
